{
  "name": "project-2-mutiny",
  "lockfileVersion": 2,
  "requires": true,
  "packages": {
    "": {
      "dependencies": {
        "vue-modaltor": "^1.5.4",
        "vue-toggle-btn": "^0.1.2"
      }
    },
    "node_modules/core-js": {
      "version": "3.22.0",
      "resolved": "https://registry.npmjs.org/core-js/-/core-js-3.22.0.tgz",
      "integrity": "sha512-8h9jBweRjMiY+ORO7bdWSeWfHhLPO7whobj7Z2Bl0IDo00C228EdGgH7FE4jGumbEjzcFfkfW8bXgdkEDhnwHQ==",
      "hasInstallScript": true,
      "funding": {
        "type": "opencollective",
        "url": "https://opencollective.com/core-js"
      }
    },
    "node_modules/vue": {
      "version": "2.6.14",
      "resolved": "https://registry.npmjs.org/vue/-/vue-2.6.14.tgz",
      "integrity": "sha512-x2284lgYvjOMj3Za7kqzRcUSxBboHqtgRE2zlos1qWaOye5yUmHn42LB1250NJBLRwEcdrB0JRwyPTEPhfQjiQ=="
    },
    "node_modules/vue-modaltor": {
      "version": "1.5.4",
      "resolved": "https://registry.npmjs.org/vue-modaltor/-/vue-modaltor-1.5.4.tgz",
      "integrity": "sha512-HgIrWYppJINyZbH0RQ++X0q56JUMuM9TvdnPUH0QRyu3YSl988azaBNMb1S9ACdLmDm5gqVzN1D4cr8IdZVWsg==",
      "dependencies": {
        "core-js": "^3.6.5",
        "vue": "^2.6.11"
      }
    },
    "node_modules/vue-toggle-btn": {
      "version": "0.1.2",
      "resolved": "https://registry.npmjs.org/vue-toggle-btn/-/vue-toggle-btn-0.1.2.tgz",
      "integrity": "sha512-y73YXhMVMsqrWFuK01ETjbg344hqW+IWXh1T9NDxVhtbkJTOk5jBeRtDnoyZ4i4fhg+f7p2Xgawz5V5ffMDTRA==",
      "peerDependencies": {
        "vue": "^2.5.17"
      }
    }
  },
  "dependencies": {
    "core-js": {
      "version": "3.22.0",
      "resolved": "https://registry.npmjs.org/core-js/-/core-js-3.22.0.tgz",
      "integrity": "sha512-8h9jBweRjMiY+ORO7bdWSeWfHhLPO7whobj7Z2Bl0IDo00C228EdGgH7FE4jGumbEjzcFfkfW8bXgdkEDhnwHQ=="
    },
    "vue": {
      "version": "2.6.14",
      "resolved": "https://registry.npmjs.org/vue/-/vue-2.6.14.tgz",
      "integrity": "sha512-x2284lgYvjOMj3Za7kqzRcUSxBboHqtgRE2zlos1qWaOye5yUmHn42LB1250NJBLRwEcdrB0JRwyPTEPhfQjiQ=="
    },
    "vue-modaltor": {
      "version": "1.5.4",
      "resolved": "https://registry.npmjs.org/vue-modaltor/-/vue-modaltor-1.5.4.tgz",
      "integrity": "sha512-HgIrWYppJINyZbH0RQ++X0q56JUMuM9TvdnPUH0QRyu3YSl988azaBNMb1S9ACdLmDm5gqVzN1D4cr8IdZVWsg==",
      "requires": {
        "core-js": "^3.6.5",
        "vue": "^2.6.11"
      }
    },
    "vue-toggle-btn": {
      "version": "0.1.2",
      "resolved": "https://registry.npmjs.org/vue-toggle-btn/-/vue-toggle-btn-0.1.2.tgz",
      "integrity": "sha512-y73YXhMVMsqrWFuK01ETjbg344hqW+IWXh1T9NDxVhtbkJTOk5jBeRtDnoyZ4i4fhg+f7p2Xgawz5V5ffMDTRA==",
      "requires": {}
    }
  }
}
